// !$*UTF8*$!
{
	archiveVersion = 1;
	classes = {
	};
	objectVersion = 56;
	objects = {

/* Begin PBXBuildFile section */
		ED24B0352B1BC3EF0099395D /* Contacts.swift in Sources */ = {isa = PBXBuildFile; fileRef = ED24B0342B1BC3EF0099395D /* Contacts.swift */; };
		ED24B0382B1BC4470099395D /* Chats.swift in Sources */ = {isa = PBXBuildFile; fileRef = ED24B0372B1BC4470099395D /* Chats.swift */; };
		ED24B03A2B1BC4680099395D /* Settings.swift in Sources */ = {isa = PBXBuildFile; fileRef = ED24B0392B1BC4680099395D /* Settings.swift */; };
		ED24B03C2B1BC7740099395D /* TabBarController.swift in Sources */ = {isa = PBXBuildFile; fileRef = ED24B03B2B1BC7740099395D /* TabBarController.swift */; };
		ED72D65D2B1F3D8F00001244 /* PhoneConvirmVC.swift in Sources */ = {isa = PBXBuildFile; fileRef = ED72D65C2B1F3D8F00001244 /* PhoneConvirmVC.swift */; };
		ED79463F2B3B764A00772B40 /* ViewController+Extensions.swift in Sources */ = {isa = PBXBuildFile; fileRef = ED79463E2B3B764A00772B40 /* ViewController+Extensions.swift */; };
		ED7E73FB2B0D4D3A00D96454 /* AppDelegate.swift in Sources */ = {isa = PBXBuildFile; fileRef = ED7E73FA2B0D4D3A00D96454 /* AppDelegate.swift */; };
		ED7E73FD2B0D4D3A00D96454 /* SceneDelegate.swift in Sources */ = {isa = PBXBuildFile; fileRef = ED7E73FC2B0D4D3A00D96454 /* SceneDelegate.swift */; };
		ED7E73FF2B0D4D3A00D96454 /* StartVC.swift in Sources */ = {isa = PBXBuildFile; fileRef = ED7E73FE2B0D4D3A00D96454 /* StartVC.swift */; };
		ED7E74042B0D4D3B00D96454 /* Assets.xcassets in Resources */ = {isa = PBXBuildFile; fileRef = ED7E74032B0D4D3B00D96454 /* Assets.xcassets */; };
		ED7E74072B0D4D3B00D96454 /* LaunchScreen.storyboard in Resources */ = {isa = PBXBuildFile; fileRef = ED7E74052B0D4D3B00D96454 /* LaunchScreen.storyboard */; };
		EDD753832B2F064F0034892F /* Const.swift in Sources */ = {isa = PBXBuildFile; fileRef = EDD753822B2F064F0034892F /* Const.swift */; };
		EDD753852B2F7C4D0034892F /* ProfileInfo.swift in Sources */ = {isa = PBXBuildFile; fileRef = EDD753842B2F7C4D0034892F /* ProfileInfo.swift */; };
		EDED262F2B3AEBB30004C213 /* FloatingTextField.swift in Sources */ = {isa = PBXBuildFile; fileRef = EDED262E2B3AEBB30004C213 /* FloatingTextField.swift */; };
		EDED26332B3AEC100004C213 /* NetworkError.swift in Sources */ = {isa = PBXBuildFile; fileRef = EDED26322B3AEC100004C213 /* NetworkError.swift */; };
		EDED26352B3AEC480004C213 /* NetworkService.swift in Sources */ = {isa = PBXBuildFile; fileRef = EDED26342B3AEC480004C213 /* NetworkService.swift */; };
		EDED26372B3AEC900004C213 /* URLService.swift in Sources */ = {isa = PBXBuildFile; fileRef = EDED26362B3AEC900004C213 /* URLService.swift */; };
		EDED26392B3AF9460004C213 /* User.swift in Sources */ = {isa = PBXBuildFile; fileRef = EDED26382B3AF9460004C213 /* User.swift */; };
		EDFF1B0E2B1B642B00DE34E9 /* PhoneVC.swift in Sources */ = {isa = PBXBuildFile; fileRef = EDFF1B0D2B1B642B00DE34E9 /* PhoneVC.swift */; };
/* End PBXBuildFile section */

/* Begin PBXFileReference section */
		ED24B0342B1BC3EF0099395D /* Contacts.swift */ = {isa = PBXFileReference; lastKnownFileType = sourcecode.swift; path = Contacts.swift; sourceTree = "<group>"; };
		ED24B0372B1BC4470099395D /* Chats.swift */ = {isa = PBXFileReference; lastKnownFileType = sourcecode.swift; path = Chats.swift; sourceTree = "<group>"; };
		ED24B0392B1BC4680099395D /* Settings.swift */ = {isa = PBXFileReference; lastKnownFileType = sourcecode.swift; path = Settings.swift; sourceTree = "<group>"; };
		ED24B03B2B1BC7740099395D /* TabBarController.swift */ = {isa = PBXFileReference; lastKnownFileType = sourcecode.swift; path = TabBarController.swift; sourceTree = "<group>"; };
		ED72D65C2B1F3D8F00001244 /* PhoneConvirmVC.swift */ = {isa = PBXFileReference; lastKnownFileType = sourcecode.swift; path = PhoneConvirmVC.swift; sourceTree = "<group>"; };
		ED79463E2B3B764A00772B40 /* ViewController+Extensions.swift */ = {isa = PBXFileReference; lastKnownFileType = sourcecode.swift; path = "ViewController+Extensions.swift"; sourceTree = "<group>"; };
		ED7E73F72B0D4D3A00D96454 /* Messenger.app */ = {isa = PBXFileReference; explicitFileType = wrapper.application; includeInIndex = 0; path = Messenger.app; sourceTree = BUILT_PRODUCTS_DIR; };
		ED7E73FA2B0D4D3A00D96454 /* AppDelegate.swift */ = {isa = PBXFileReference; lastKnownFileType = sourcecode.swift; path = AppDelegate.swift; sourceTree = "<group>"; };
		ED7E73FC2B0D4D3A00D96454 /* SceneDelegate.swift */ = {isa = PBXFileReference; lastKnownFileType = sourcecode.swift; path = SceneDelegate.swift; sourceTree = "<group>"; };
		ED7E73FE2B0D4D3A00D96454 /* StartVC.swift */ = {isa = PBXFileReference; lastKnownFileType = sourcecode.swift; path = StartVC.swift; sourceTree = "<group>"; };
		ED7E74032B0D4D3B00D96454 /* Assets.xcassets */ = {isa = PBXFileReference; lastKnownFileType = folder.assetcatalog; path = Assets.xcassets; sourceTree = "<group>"; };
		ED7E74062B0D4D3B00D96454 /* Base */ = {isa = PBXFileReference; lastKnownFileType = file.storyboard; name = Base; path = Base.lproj/LaunchScreen.storyboard; sourceTree = "<group>"; };
		ED7E74082B0D4D3B00D96454 /* Info.plist */ = {isa = PBXFileReference; lastKnownFileType = text.plist.xml; path = Info.plist; sourceTree = "<group>"; };
		EDD753822B2F064F0034892F /* Const.swift */ = {isa = PBXFileReference; lastKnownFileType = sourcecode.swift; name = Const.swift; path = Messenger/Models/Const.swift; sourceTree = SOURCE_ROOT; };
		EDD753842B2F7C4D0034892F /* ProfileInfo.swift */ = {isa = PBXFileReference; lastKnownFileType = sourcecode.swift; path = ProfileInfo.swift; sourceTree = "<group>"; };
		EDED262E2B3AEBB30004C213 /* FloatingTextField.swift */ = {isa = PBXFileReference; lastKnownFileType = sourcecode.swift; path = FloatingTextField.swift; sourceTree = "<group>"; };
		EDED26322B3AEC100004C213 /* NetworkError.swift */ = {isa = PBXFileReference; lastKnownFileType = sourcecode.swift; path = NetworkError.swift; sourceTree = "<group>"; };
		EDED26342B3AEC480004C213 /* NetworkService.swift */ = {isa = PBXFileReference; lastKnownFileType = sourcecode.swift; path = NetworkService.swift; sourceTree = "<group>"; };
		EDED26362B3AEC900004C213 /* URLService.swift */ = {isa = PBXFileReference; lastKnownFileType = sourcecode.swift; path = URLService.swift; sourceTree = "<group>"; };
		EDED26382B3AF9460004C213 /* User.swift */ = {isa = PBXFileReference; lastKnownFileType = sourcecode.swift; path = User.swift; sourceTree = "<group>"; };
		EDFF1B0D2B1B642B00DE34E9 /* PhoneVC.swift */ = {isa = PBXFileReference; lastKnownFileType = sourcecode.swift; path = PhoneVC.swift; sourceTree = "<group>"; };
/* End PBXFileReference section */

/* Begin PBXFrameworksBuildPhase section */
		ED7E73F42B0D4D3A00D96454 /* Frameworks */ = {
			isa = PBXFrameworksBuildPhase;
			buildActionMask = 2147483647;
			files = (
			);
			runOnlyForDeploymentPostprocessing = 0;
		};
/* End PBXFrameworksBuildPhase section */

/* Begin PBXGroup section */
		ED79463D2B3B763000772B40 /* Extensions */ = {
			isa = PBXGroup;
			children = (
				ED79463E2B3B764A00772B40 /* ViewController+Extensions.swift */,
			);
			path = Extensions;
			sourceTree = "<group>";
		};
		ED7E73EE2B0D4D3A00D96454 = {
			isa = PBXGroup;
			children = (
				ED7E73F92B0D4D3A00D96454 /* Messenger */,
				ED7E73F82B0D4D3A00D96454 /* Products */,
			);
			sourceTree = "<group>";
		};
		ED7E73F82B0D4D3A00D96454 /* Products */ = {
			isa = PBXGroup;
			children = (
				ED7E73F72B0D4D3A00D96454 /* Messenger.app */,
			);
			name = Products;
			sourceTree = "<group>";
		};
		ED7E73F92B0D4D3A00D96454 /* Messenger */ = {
			isa = PBXGroup;
			children = (
				ED79463D2B3B763000772B40 /* Extensions */,
				EDED26302B3AEBDA0004C213 /* Services */,
				ED7E74102B0D4EDF00D96454 /* Models */,
				EDED26292B3AEA400004C213 /* Views */,
				ED7E740E2B0D4ECB00D96454 /* Controllers */,
				ED7E74122B0D4EEF00D96454 /* Others */,
				ED7E74082B0D4D3B00D96454 /* Info.plist */,
			);
			path = Messenger;
			sourceTree = "<group>";
		};
		ED7E740E2B0D4ECB00D96454 /* Controllers */ = {
			isa = PBXGroup;
			children = (
				EDD753862B2F7CC50034892F /* Registration */,
				ED7E73FE2B0D4D3A00D96454 /* StartVC.swift */,
				ED24B0342B1BC3EF0099395D /* Contacts.swift */,
				ED24B0372B1BC4470099395D /* Chats.swift */,
				ED24B0392B1BC4680099395D /* Settings.swift */,
				ED24B03B2B1BC7740099395D /* TabBarController.swift */,
			);
			path = Controllers;
			sourceTree = "<group>";
		};
		ED7E74102B0D4EDF00D96454 /* Models */ = {
			isa = PBXGroup;
			children = (
				EDD753822B2F064F0034892F /* Const.swift */,
				EDED26382B3AF9460004C213 /* User.swift */,
			);
			path = Models;
			sourceTree = "<group>";
		};
		ED7E74122B0D4EEF00D96454 /* Others */ = {
			isa = PBXGroup;
			children = (
				ED7E73FA2B0D4D3A00D96454 /* AppDelegate.swift */,
				ED7E73FC2B0D4D3A00D96454 /* SceneDelegate.swift */,
				ED7E74032B0D4D3B00D96454 /* Assets.xcassets */,
				ED7E74052B0D4D3B00D96454 /* LaunchScreen.storyboard */,
			);
			path = Others;
			sourceTree = "<group>";
		};
		EDD753862B2F7CC50034892F /* Registration */ = {
			isa = PBXGroup;
			children = (
				EDFF1B0D2B1B642B00DE34E9 /* PhoneVC.swift */,
				ED72D65C2B1F3D8F00001244 /* PhoneConvirmVC.swift */,
				EDD753842B2F7C4D0034892F /* ProfileInfo.swift */,
			);
			path = Registration;
			sourceTree = "<group>";
		};
		EDED26292B3AEA400004C213 /* Views */ = {
			isa = PBXGroup;
			children = (
				EDED262E2B3AEBB30004C213 /* FloatingTextField.swift */,
			);
			path = Views;
			sourceTree = "<group>";
		};
		EDED26302B3AEBDA0004C213 /* Services */ = {
			isa = PBXGroup;
			children = (
				EDED26312B3AEBF60004C213 /* Networking */,
			);
			path = Services;
			sourceTree = "<group>";
		};
		EDED26312B3AEBF60004C213 /* Networking */ = {
			isa = PBXGroup;
			children = (
				EDED26322B3AEC100004C213 /* NetworkError.swift */,
				EDED26342B3AEC480004C213 /* NetworkService.swift */,
				EDED26362B3AEC900004C213 /* URLService.swift */,
			);
			path = Networking;
			sourceTree = "<group>";
		};
/* End PBXGroup section */

/* Begin PBXNativeTarget section */
		ED7E73F62B0D4D3A00D96454 /* Messenger */ = {
			isa = PBXNativeTarget;
			buildConfigurationList = ED7E740B2B0D4D3B00D96454 /* Build configuration list for PBXNativeTarget "Messenger" */;
			buildPhases = (
				ED7E73F32B0D4D3A00D96454 /* Sources */,
				ED7E73F42B0D4D3A00D96454 /* Frameworks */,
				ED7E73F52B0D4D3A00D96454 /* Resources */,
				EDB755022B3E0DA700707614 /* ShellScript */,
			);
			buildRules = (
			);
			dependencies = (
			);
			name = Messenger;
			productName = Messenger;
			productReference = ED7E73F72B0D4D3A00D96454 /* Messenger.app */;
			productType = "com.apple.product-type.application";
		};
/* End PBXNativeTarget section */

/* Begin PBXProject section */
		ED7E73EF2B0D4D3A00D96454 /* Project object */ = {
			isa = PBXProject;
			attributes = {
				BuildIndependentTargetsInParallel = 1;
				LastSwiftUpdateCheck = 1500;
				LastUpgradeCheck = 1500;
				TargetAttributes = {
					ED7E73F62B0D4D3A00D96454 = {
						CreatedOnToolsVersion = 15.0.1;
					};
				};
			};
			buildConfigurationList = ED7E73F22B0D4D3A00D96454 /* Build configuration list for PBXProject "Messenger" */;
			compatibilityVersion = "Xcode 14.0";
			developmentRegion = en;
			hasScannedForEncodings = 0;
			knownRegions = (
				en,
				Base,
			);
			mainGroup = ED7E73EE2B0D4D3A00D96454;
			productRefGroup = ED7E73F82B0D4D3A00D96454 /* Products */;
			projectDirPath = "";
			projectRoot = "";
			targets = (
				ED7E73F62B0D4D3A00D96454 /* Messenger */,
			);
		};
/* End PBXProject section */

/* Begin PBXResourcesBuildPhase section */
		ED7E73F52B0D4D3A00D96454 /* Resources */ = {
			isa = PBXResourcesBuildPhase;
			buildActionMask = 2147483647;
			files = (
				ED7E74072B0D4D3B00D96454 /* LaunchScreen.storyboard in Resources */,
				ED7E74042B0D4D3B00D96454 /* Assets.xcassets in Resources */,
			);
			runOnlyForDeploymentPostprocessing = 0;
		};
/* End PBXResourcesBuildPhase section */

/* Begin PBXShellScriptBuildPhase section */
		EDB755022B3E0DA700707614 /* ShellScript */ = {
			isa = PBXShellScriptBuildPhase;
			buildActionMask = 2147483647;
			files = (
			);
			inputFileListPaths = (
			);
			inputPaths = (
			);
			outputFileListPaths = (
			);
			outputPaths = (
			);
			runOnlyForDeploymentPostprocessing = 0;
			shellPath = /bin/sh;
			shellScript = "if [[ \"$(uname -m)\" == arm64 ]]; then\n    export PATH=\"/opt/homebrew/bin:$PATH\"\nfi\n\nif which swiftlint > /dev/null; then\n  swiftlint\nelse\n  echo \"warning: SwiftLint not installed, download from https://github.com/realm/SwiftLint\"\nfi\n";
		};
/* End PBXShellScriptBuildPhase section */

/* Begin PBXSourcesBuildPhase section */
		ED7E73F32B0D4D3A00D96454 /* Sources */ = {
			isa = PBXSourcesBuildPhase;
			buildActionMask = 2147483647;
			files = (
				ED7E73FF2B0D4D3A00D96454 /* StartVC.swift in Sources */,
				EDED26332B3AEC100004C213 /* NetworkError.swift in Sources */,
				ED72D65D2B1F3D8F00001244 /* PhoneConvirmVC.swift in Sources */,
				ED7E73FB2B0D4D3A00D96454 /* AppDelegate.swift in Sources */,
				ED79463F2B3B764A00772B40 /* ViewController+Extensions.swift in Sources */,
				ED24B03A2B1BC4680099395D /* Settings.swift in Sources */,
				EDD753832B2F064F0034892F /* Const.swift in Sources */,
				ED24B03C2B1BC7740099395D /* TabBarController.swift in Sources */,
				EDED26392B3AF9460004C213 /* User.swift in Sources */,
				ED24B0382B1BC4470099395D /* Chats.swift in Sources */,
				ED24B0352B1BC3EF0099395D /* Contacts.swift in Sources */,
				EDFF1B0E2B1B642B00DE34E9 /* PhoneVC.swift in Sources */,
				EDED26352B3AEC480004C213 /* NetworkService.swift in Sources */,
				EDD753852B2F7C4D0034892F /* ProfileInfo.swift in Sources */,
				ED7E73FD2B0D4D3A00D96454 /* SceneDelegate.swift in Sources */,
				EDED262F2B3AEBB30004C213 /* FloatingTextField.swift in Sources */,
				EDED26372B3AEC900004C213 /* URLService.swift in Sources */,
			);
			runOnlyForDeploymentPostprocessing = 0;
		};
/* End PBXSourcesBuildPhase section */

/* Begin PBXVariantGroup section */
		ED7E74052B0D4D3B00D96454 /* LaunchScreen.storyboard */ = {
			isa = PBXVariantGroup;
			children = (
				ED7E74062B0D4D3B00D96454 /* Base */,
			);
			name = LaunchScreen.storyboard;
			sourceTree = "<group>";
		};
/* End PBXVariantGroup section */

/* Begin XCBuildConfiguration section */
		ED7E74092B0D4D3B00D96454 /* Debug */ = {
			isa = XCBuildConfiguration;
			buildSettings = {
				ALWAYS_SEARCH_USER_PATHS = NO;
				ASSETCATALOG_COMPILER_GENERATE_SWIFT_ASSET_SYMBOL_EXTENSIONS = YES;
				CLANG_ANALYZER_NONNULL = YES;
				CLANG_ANALYZER_NUMBER_OBJECT_CONVERSION = YES_AGGRESSIVE;
				CLANG_CXX_LANGUAGE_STANDARD = "gnu++20";
				CLANG_ENABLE_MODULES = YES;
				CLANG_ENABLE_OBJC_ARC = YES;
				CLANG_ENABLE_OBJC_WEAK = YES;
				CLANG_WARN_BLOCK_CAPTURE_AUTORELEASING = YES;
				CLANG_WARN_BOOL_CONVERSION = YES;
				CLANG_WARN_COMMA = YES;
				CLANG_WARN_CONSTANT_CONVERSION = YES;
				CLANG_WARN_DEPRECATED_OBJC_IMPLEMENTATIONS = YES;
				CLANG_WARN_DIRECT_OBJC_ISA_USAGE = YES_ERROR;
				CLANG_WARN_DOCUMENTATION_COMMENTS = YES;
				CLANG_WARN_EMPTY_BODY = YES;
				CLANG_WARN_ENUM_CONVERSION = YES;
				CLANG_WARN_INFINITE_RECURSION = YES;
				CLANG_WARN_INT_CONVERSION = YES;
				CLANG_WARN_NON_LITERAL_NULL_CONVERSION = YES;
				CLANG_WARN_OBJC_IMPLICIT_RETAIN_SELF = YES;
				CLANG_WARN_OBJC_LITERAL_CONVERSION = YES;
				CLANG_WARN_OBJC_ROOT_CLASS = YES_ERROR;
				CLANG_WARN_QUOTED_INCLUDE_IN_FRAMEWORK_HEADER = YES;
				CLANG_WARN_RANGE_LOOP_ANALYSIS = YES;
				CLANG_WARN_STRICT_PROTOTYPES = YES;
				CLANG_WARN_SUSPICIOUS_MOVE = YES;
				CLANG_WARN_UNGUARDED_AVAILABILITY = YES_AGGRESSIVE;
				CLANG_WARN_UNREACHABLE_CODE = YES;
				CLANG_WARN__DUPLICATE_METHOD_MATCH = YES;
				COPY_PHASE_STRIP = NO;
				DEBUG_INFORMATION_FORMAT = dwarf;
				ENABLE_STRICT_OBJC_MSGSEND = YES;
				ENABLE_TESTABILITY = YES;
				ENABLE_USER_SCRIPT_SANDBOXING = NO;
				GCC_C_LANGUAGE_STANDARD = gnu17;
				GCC_DYNAMIC_NO_PIC = NO;
				GCC_NO_COMMON_BLOCKS = YES;
				GCC_OPTIMIZATION_LEVEL = 0;
				GCC_PREPROCESSOR_DEFINITIONS = (
					"DEBUG=1",
					"$(inherited)",
				);
				GCC_WARN_64_TO_32_BIT_CONVERSION = YES;
				GCC_WARN_ABOUT_RETURN_TYPE = YES_ERROR;
				GCC_WARN_UNDECLARED_SELECTOR = YES;
				GCC_WARN_UNINITIALIZED_AUTOS = YES_AGGRESSIVE;
				GCC_WARN_UNUSED_FUNCTION = YES;
				GCC_WARN_UNUSED_VARIABLE = YES;
				IPHONEOS_DEPLOYMENT_TARGET = 17.0;
				LOCALIZATION_PREFERS_STRING_CATALOGS = YES;
				MTL_ENABLE_DEBUG_INFO = INCLUDE_SOURCE;
				MTL_FAST_MATH = YES;
				ONLY_ACTIVE_ARCH = YES;
				SDKROOT = iphoneos;
				SWIFT_ACTIVE_COMPILATION_CONDITIONS = "DEBUG $(inherited)";
				SWIFT_OPTIMIZATION_LEVEL = "-Onone";
			};
			name = Debug;
		};
		ED7E740A2B0D4D3B00D96454 /* Release */ = {
			isa = XCBuildConfiguration;
			buildSettings = {
				ALWAYS_SEARCH_USER_PATHS = NO;
				ASSETCATALOG_COMPILER_GENERATE_SWIFT_ASSET_SYMBOL_EXTENSIONS = YES;
				CLANG_ANALYZER_NONNULL = YES;
				CLANG_ANALYZER_NUMBER_OBJECT_CONVERSION = YES_AGGRESSIVE;
				CLANG_CXX_LANGUAGE_STANDARD = "gnu++20";
				CLANG_ENABLE_MODULES = YES;
				CLANG_ENABLE_OBJC_ARC = YES;
				CLANG_ENABLE_OBJC_WEAK = YES;
				CLANG_WARN_BLOCK_CAPTURE_AUTORELEASING = YES;
				CLANG_WARN_BOOL_CONVERSION = YES;
				CLANG_WARN_COMMA = YES;
				CLANG_WARN_CONSTANT_CONVERSION = YES;
				CLANG_WARN_DEPRECATED_OBJC_IMPLEMENTATIONS = YES;
				CLANG_WARN_DIRECT_OBJC_ISA_USAGE = YES_ERROR;
				CLANG_WARN_DOCUMENTATION_COMMENTS = YES;
				CLANG_WARN_EMPTY_BODY = YES;
				CLANG_WARN_ENUM_CONVERSION = YES;
				CLANG_WARN_INFINITE_RECURSION = YES;
				CLANG_WARN_INT_CONVERSION = YES;
				CLANG_WARN_NON_LITERAL_NULL_CONVERSION = YES;
				CLANG_WARN_OBJC_IMPLICIT_RETAIN_SELF = YES;
				CLANG_WARN_OBJC_LITERAL_CONVERSION = YES;
				CLANG_WARN_OBJC_ROOT_CLASS = YES_ERROR;
				CLANG_WARN_QUOTED_INCLUDE_IN_FRAMEWORK_HEADER = YES;
				CLANG_WARN_RANGE_LOOP_ANALYSIS = YES;
				CLANG_WARN_STRICT_PROTOTYPES = YES;
				CLANG_WARN_SUSPICIOUS_MOVE = YES;
				CLANG_WARN_UNGUARDED_AVAILABILITY = YES_AGGRESSIVE;
				CLANG_WARN_UNREACHABLE_CODE = YES;
				CLANG_WARN__DUPLICATE_METHOD_MATCH = YES;
				COPY_PHASE_STRIP = NO;
				DEBUG_INFORMATION_FORMAT = "dwarf-with-dsym";
				ENABLE_NS_ASSERTIONS = NO;
				ENABLE_STRICT_OBJC_MSGSEND = YES;
				ENABLE_USER_SCRIPT_SANDBOXING = NO;
				GCC_C_LANGUAGE_STANDARD = gnu17;
				GCC_NO_COMMON_BLOCKS = YES;
				GCC_WARN_64_TO_32_BIT_CONVERSION = YES;
				GCC_WARN_ABOUT_RETURN_TYPE = YES_ERROR;
				GCC_WARN_UNDECLARED_SELECTOR = YES;
				GCC_WARN_UNINITIALIZED_AUTOS = YES_AGGRESSIVE;
				GCC_WARN_UNUSED_FUNCTION = YES;
				GCC_WARN_UNUSED_VARIABLE = YES;
				IPHONEOS_DEPLOYMENT_TARGET = 17.0;
				LOCALIZATION_PREFERS_STRING_CATALOGS = YES;
				MTL_ENABLE_DEBUG_INFO = NO;
				MTL_FAST_MATH = YES;
				SDKROOT = iphoneos;
				SWIFT_COMPILATION_MODE = wholemodule;
				VALIDATE_PRODUCT = YES;
			};
			name = Release;
		};
		ED7E740C2B0D4D3B00D96454 /* Debug */ = {
			isa = XCBuildConfiguration;
			buildSettings = {
				ASSETCATALOG_COMPILER_APPICON_NAME = AppIcon;
				ASSETCATALOG_COMPILER_GLOBAL_ACCENT_COLOR_NAME = AccentColor;
				CODE_SIGN_STYLE = Automatic;
				CURRENT_PROJECT_VERSION = 1;
				DEVELOPMENT_TEAM = 6AB7TG5AU6;
				GENERATE_INFOPLIST_FILE = YES;
				INFOPLIST_FILE = Messenger/Info.plist;
				INFOPLIST_KEY_UIApplicationSupportsIndirectInputEvents = YES;
				INFOPLIST_KEY_UILaunchStoryboardName = LaunchScreen;
				INFOPLIST_KEY_UISupportedInterfaceOrientations_iPad = "UIInterfaceOrientationPortrait UIInterfaceOrientationPortraitUpsideDown UIInterfaceOrientationLandscapeLeft UIInterfaceOrientationLandscapeRight";
				INFOPLIST_KEY_UISupportedInterfaceOrientations_iPhone = "UIInterfaceOrientationPortrait UIInterfaceOrientationLandscapeLeft UIInterfaceOrientationLandscapeRight";
				LD_RUNPATH_SEARCH_PATHS = (
					"$(inherited)",
					"@executable_path/Frameworks",
				);
				MARKETING_VERSION = 1.0;
				PRODUCT_BUNDLE_IDENTIFIER = e1ernal.Messenger;
				PRODUCT_NAME = "$(TARGET_NAME)";
				SWIFT_EMIT_LOC_STRINGS = YES;
				SWIFT_VERSION = 5.0;
				TARGETED_DEVICE_FAMILY = "1,2";
			};
			name = Debug;
		};
		ED7E740D2B0D4D3B00D96454 /* Release */ = {
			isa = XCBuildConfiguration;
			buildSettings = {
				ASSETCATALOG_COMPILER_APPICON_NAME = AppIcon;
				ASSETCATALOG_COMPILER_GLOBAL_ACCENT_COLOR_NAME = AccentColor;
				CODE_SIGN_STYLE = Automatic;
				CURRENT_PROJECT_VERSION = 1;
				DEVELOPMENT_TEAM = 6AB7TG5AU6;
				GENERATE_INFOPLIST_FILE = YES;
				INFOPLIST_FILE = Messenger/Info.plist;
				INFOPLIST_KEY_UIApplicationSupportsIndirectInputEvents = YES;
				INFOPLIST_KEY_UILaunchStoryboardName = LaunchScreen;
				INFOPLIST_KEY_UISupportedInterfaceOrientations_iPad = "UIInterfaceOrientationPortrait UIInterfaceOrientationPortraitUpsideDown UIInterfaceOrientationLandscapeLeft UIInterfaceOrientationLandscapeRight";
				INFOPLIST_KEY_UISupportedInterfaceOrientations_iPhone = "UIInterfaceOrientationPortrait UIInterfaceOrientationLandscapeLeft UIInterfaceOrientationLandscapeRight";
				LD_RUNPATH_SEARCH_PATHS = (
					"$(inherited)",
					"@executable_path/Frameworks",
				);
				MARKETING_VERSION = 1.0;
				PRODUCT_BUNDLE_IDENTIFIER = e1ernal.Messenger;
				PRODUCT_NAME = "$(TARGET_NAME)";
				SWIFT_EMIT_LOC_STRINGS = YES;
				SWIFT_VERSION = 5.0;
				TARGETED_DEVICE_FAMILY = "1,2";
			};
			name = Release;
		};
/* End XCBuildConfiguration section */

/* Begin XCConfigurationList section */
		ED7E73F22B0D4D3A00D96454 /* Build configuration list for PBXProject "Messenger" */ = {
			isa = XCConfigurationList;
			buildConfigurations = (
				ED7E74092B0D4D3B00D96454 /* Debug */,
				ED7E740A2B0D4D3B00D96454 /* Release */,
			);
			defaultConfigurationIsVisible = 0;
			defaultConfigurationName = Release;
		};
		ED7E740B2B0D4D3B00D96454 /* Build configuration list for PBXNativeTarget "Messenger" */ = {
			isa = XCConfigurationList;
			buildConfigurations = (
				ED7E740C2B0D4D3B00D96454 /* Debug */,
				ED7E740D2B0D4D3B00D96454 /* Release */,
			);
			defaultConfigurationIsVisible = 0;
			defaultConfigurationName = Release;
		};
/* End XCConfigurationList section */
	};
	rootObject = ED7E73EF2B0D4D3A00D96454 /* Project object */;
}
